# THIS IS AN AUTOGENERATED FILE. DO NOT EDIT THIS FILE DIRECTLY.
# yarn lockfile v1


"@isaacs/cliui@^9.0.0":
  version "9.0.0"
  resolved "https://registry.yarnpkg.com/@isaacs/cliui/-/cliui-9.0.0.tgz#4d0a3f127058043bf2e7ee169eaf30ed901302f3"
  integrity sha512-AokJm4tuBHillT+FpMtxQ60n8ObyXBatq7jD2/JA9dxbDDokKQm8KMht5ibGzLVU9IJDIKK4TPKgMHEYMn3lMg==

"@types/minimatch@^6.0.0":
  version "6.0.0"
  resolved "https://registry.yarnpkg.com/@types/minimatch/-/minimatch-6.0.0.tgz#4d207b1cc941367bdcd195a3a781a7e4fc3b1e03"
  integrity sha512-zmPitbQ8+6zNutpwgcQuLcsEpn/Cj54Kbn7L5pX0Os5kdWplB7xPgEh/g+SWOB/qmows2gpuCaPyduq8ZZRnxA==
  dependencies:
    minimatch "*"

balanced-match@^4.0.2:
  version "4.0.2"
  resolved "https://registry.yarnpkg.com/balanced-match/-/balanced-match-4.0.2.tgz#241591ea634702bef9c482696f2469406e16d233"
  integrity sha512-x0K50QvKQ97fdEz2kPehIerj+YTeptKF9hyYkKf6egnwmMWAkADiO0QCzSp0R5xN8FTZgYaBfSaue46Ej62nMg==
  dependencies:
    jackspeak "^4.2.3"

brace-expansion@^5.0.2:
  version "5.0.2"
  resolved "https://registry.yarnpkg.com/brace-expansion/-/brace-expansion-5.0.2.tgz#b6c16d0791087af6c2bc463f52a8142046c06b6f"
  integrity sha512-Pdk8c9poy+YhOgVWw1JNN22/HcivgKWwpxKq04M/jTmHyCZn12WPJebZxdjSa5TmBqISrUSgNYU3eRORljfCCw==
  dependencies:
    balanced-match "^4.0.2"

jackspeak@^4.2.3:
  version "4.2.3"
  resolved "https://registry.yarnpkg.com/jackspeak/-/jackspeak-4.2.3.tgz#27ef80f33b93412037c3bea4f8eddf80e1931483"
  integrity sha512-ykkVRwrYvFm1nb2AJfKKYPr0emF6IiXDYUaFx4Zn9ZuIH7MrzEZ3sD5RlqGXNRpHtvUHJyOnCEFxOlNDtGo7wg==
  dependencies:
    "@isaacs/cliui" "^9.0.0"

minimatch@*:
  version "10.2.1"
  resolved "https://registry.yarnpkg.com/minimatch/-/minimatch-10.2.1.tgz#9d82835834cdc85d5084dd055e9a4685fa56e5f0"
  integrity sha512-MClCe8IL5nRRmawL6ib/eT4oLyeKMGCghibcDWK+J0hh0Q8kqSdia6BvbRMVk6mPa6WqUa5uR2oxt6C5jd533A==
  dependencies:
    brace-expansion "^5.0.2"
